{
  "name": "@vidalytics/mcp",
  "version": "0.1.1",
  "lockfileVersion": 3,
  "requires": true,
  "packages": {
    "": {
      "name": "@vidalytics/mcp",
      "version": "0.1.1",
      "license": "MIT",
      "bin": {
        "mcp": "bin/vidalytics-mcp.js"
      },
      "engines": {
        "node": ">=18"
      }
    }
  }
}
